
Microsoft Visual Studio Solution File, Format Version 11.00
# Visual Studio 2010
Project("{FAE04EC0-301F-11D3-BF4B-00C04F79EFBC}") = "Assembly-CSharp", "Assembly-CSharp.csproj", "{d2109e53-1b4b-35a1-d207-cd9c1f5cebc4}"
EndProject
Project("{FAE04EC0-301F-11D3-BF4B-00C04F79EFBC}") = "Assembly-CSharp-firstpass", "Assembly-CSharp-firstpass.csproj", "{ecfdf496-296f-33ae-d4fb-d2e8594529fc}"
EndProject
Global
	GlobalSection(SolutionConfigurationPlatforms) = preSolution
		Debug|Any CPU = Debug|Any CPU
		Release|Any CPU = Release|Any CPU
	EndGlobalSection
	GlobalSection(ProjectConfigurationPlatforms) = postSolution
		{d2109e53-1b4b-35a1-d207-cd9c1f5cebc4}.Debug|Any CPU.ActiveCfg = Debug|Any CPU
		{d2109e53-1b4b-35a1-d207-cd9c1f5cebc4}.Debug|Any CPU.Build.0 = Debug|Any CPU
		{d2109e53-1b4b-35a1-d207-cd9c1f5cebc4}.Release|Any CPU.ActiveCfg = Release|Any CPU
		{d2109e53-1b4b-35a1-d207-cd9c1f5cebc4}.Release|Any CPU.Build.0 = Release|Any CPU
		{ecfdf496-296f-33ae-d4fb-d2e8594529fc}.Debug|Any CPU.ActiveCfg = Debug|Any CPU
		{ecfdf496-296f-33ae-d4fb-d2e8594529fc}.Debug|Any CPU.Build.0 = Debug|Any CPU
		{ecfdf496-296f-33ae-d4fb-d2e8594529fc}.Release|Any CPU.ActiveCfg = Release|Any CPU
		{ecfdf496-296f-33ae-d4fb-d2e8594529fc}.Release|Any CPU.Build.0 = Release|Any CPU
	EndGlobalSection
	GlobalSection(SolutionProperties) = preSolution
		HideSolutionNode = FALSE
	EndGlobalSection
EndGlobal
